// !$*UTF8*$!
{
	archiveVersion = 1;
	classes = {
	};
	objectVersion = 46;
	objects = {

/* Begin PBXBuildFile section */
		8D6A1DBD1C76FFB3008C6005 /* main.m in Sources */ = {isa = PBXBuildFile; fileRef = 8D6A1DBC1C76FFB3008C6005 /* main.m */; };
		8D6A1DC01C76FFB3008C6005 /* AppDelegate.m in Sources */ = {isa = PBXBuildFile; fileRef = 8D6A1DBF1C76FFB3008C6005 /* AppDelegate.m */; };
		8D6A1DC31C76FFB3008C6005 /* ViewController.m in Sources */ = {isa = PBXBuildFile; fileRef = 8D6A1DC21C76FFB3008C6005 /* ViewController.m */; };
		8D6A1DC61C76FFB3008C6005 /* Main.storyboard in Resources */ = {isa = PBXBuildFile; fileRef = 8D6A1DC41C76FFB3008C6005 /* Main.storyboard */; };
		8D6A1DC81C76FFB3008C6005 /* Assets.xcassets in Resources */ = {isa = PBXBuildFile; fileRef = 8D6A1DC71C76FFB3008C6005 /* Assets.xcassets */; };
		8D6A1DCB1C76FFB3008C6005 /* LaunchScreen.storyboard in Resources */ = {isa = PBXBuildFile; fileRef = 8D6A1DC91C76FFB3008C6005 /* LaunchScreen.storyboard */; };
		8D6A1DD61C76FFB3008C6005 /* UniqueDeviceIdentifierTests.m in Sources */ = {isa = PBXBuildFile; fileRef = 8D6A1DD51C76FFB3008C6005 /* UniqueDeviceIdentifierTests.m */; };
		8D6A1DE11C76FFB4008C6005 /* UniqueDeviceIdentifierUITests.m in Sources */ = {isa = PBXBuildFile; fileRef = 8D6A1DE01C76FFB4008C6005 /* UniqueDeviceIdentifierUITests.m */; };
		8D6A1DF01C770002008C6005 /* UniqueDeviceIdentifier.m in Sources */ = {isa = PBXBuildFile; fileRef = 8D6A1DEF1C770002008C6005 /* UniqueDeviceIdentifier.m */; };
/* End PBXBuildFile section */

/* Begin PBXContainerItemProxy section */
		8D6A1DD21C76FFB3008C6005 /* PBXContainerItemProxy */ = {
			isa = PBXContainerItemProxy;
			containerPortal = 8D6A1DB01C76FFB3008C6005 /* Project object */;
			proxyType = 1;
			remoteGlobalIDString = 8D6A1DB71C76FFB3008C6005;
			remoteInfo = UniqueDeviceIdentifier;
		};
		8D6A1DDD1C76FFB4008C6005 /* PBXContainerItemProxy */ = {
			isa = PBXContainerItemProxy;
			containerPortal = 8D6A1DB01C76FFB3008C6005 /* Project object */;
			proxyType = 1;
			remoteGlobalIDString = 8D6A1DB71C76FFB3008C6005;
			remoteInfo = UniqueDeviceIdentifier;
		};
/* End PBXContainerItemProxy section */

/* Begin PBXFileReference section */
		8D6A1DB81C76FFB3008C6005 /* UniqueDeviceIdentifier.app */ = {isa = PBXFileReference; explicitFileType = wrapper.application; includeInIndex = 0; path = UniqueDeviceIdentifier.app; sourceTree = BUILT_PRODUCTS_DIR; };
		8D6A1DBC1C76FFB3008C6005 /* main.m */ = {isa = PBXFileReference; lastKnownFileType = sourcecode.c.objc; path = main.m; sourceTree = "<group>"; };
		8D6A1DBE1C76FFB3008C6005 /* AppDelegate.h */ = {isa = PBXFileReference; lastKnownFileType = sourcecode.c.h; path = AppDelegate.h; sourceTree = "<group>"; };
		8D6A1DBF1C76FFB3008C6005 /* AppDelegate.m */ = {isa = PBXFileReference; lastKnownFileType = sourcecode.c.objc; path = AppDelegate.m; sourceTree = "<group>"; };
		8D6A1DC11C76FFB3008C6005 /* ViewController.h */ = {isa = PBXFileReference; lastKnownFileType = sourcecode.c.h; path = ViewController.h; sourceTree = "<group>"; };
		8D6A1DC21C76FFB3008C6005 /* ViewController.m */ = {isa = PBXFileReference; lastKnownFileType = sourcecode.c.objc; path = ViewController.m; sourceTree = "<group>"; };
		8D6A1DC51C76FFB3008C6005 /* Base */ = {isa = PBXFileReference; lastKnownFileType = file.storyboard; name = Base; path = Base.lproj/Main.storyboard; sourceTree = "<group>"; };
		8D6A1DC71C76FFB3008C6005 /* Assets.xcassets */ = {isa = PBXFileReference; lastKnownFileType = folder.assetcatalog; path = Assets.xcassets; sourceTree = "<group>"; };
		8D6A1DCA1C76FFB3008C6005 /* Base */ = {isa = PBXFileReference; lastKnownFileType = file.storyboard; name = Base; path = Base.lproj/LaunchScreen.storyboard; sourceTree = "<group>"; };
		8D6A1DCC1C76FFB3008C6005 /* Info.plist */ = {isa = PBXFileReference; lastKnownFileType = text.plist.xml; path = Info.plist; sourceTree = "<group>"; };
		8D6A1DD11C76FFB3008C6005 /* UniqueDeviceIdentifierTests.xctest */ = {isa = PBXFileReference; explicitFileType = wrapper.cfbundle; includeInIndex = 0; path = UniqueDeviceIdentifierTests.xctest; sourceTree = BUILT_PRODUCTS_DIR; };
		8D6A1DD51C76FFB3008C6005 /* UniqueDeviceIdentifierTests.m */ = {isa = PBXFileReference; lastKnownFileType = sourcecode.c.objc; path = UniqueDeviceIdentifierTests.m; sourceTree = "<group>"; };
		8D6A1DD71C76FFB3008C6005 /* Info.plist */ = {isa = PBXFileReference; lastKnownFileType = text.plist.xml; path = Info.plist; sourceTree = "<group>"; };
		8D6A1DDC1C76FFB4008C6005 /* UniqueDeviceIdentifierUITests.xctest */ = {isa = PBXFileReference; explicitFileType = wrapper.cfbundle; includeInIndex = 0; path = UniqueDeviceIdentifierUITests.xctest; sourceTree = BUILT_PRODUCTS_DIR; };
		8D6A1DE01C76FFB4008C6005 /* UniqueDeviceIdentifierUITests.m */ = {isa = PBXFileReference; lastKnownFileType = sourcecode.c.objc; path = UniqueDeviceIdentifierUITests.m; sourceTree = "<group>"; };
		8D6A1DE21C76FFB4008C6005 /* Info.plist */ = {isa = PBXFileReference; lastKnownFileType = text.plist.xml; path = Info.plist; sourceTree = "<group>"; };
		8D6A1DEE1C770002008C6005 /* UniqueDeviceIdentifier.h */ = {isa = PBXFileReference; fileEncoding = 4; lastKnownFileType = sourcecode.c.h; path = UniqueDeviceIdentifier.h; sourceTree = "<group>"; };
		8D6A1DEF1C770002008C6005 /* UniqueDeviceIdentifier.m */ = {isa = PBXFileReference; fileEncoding = 4; lastKnownFileType = sourcecode.c.objc; path = UniqueDeviceIdentifier.m; sourceTree = "<group>"; };
/* End PBXFileReference section */

/* Begin PBXFrameworksBuildPhase section */
		8D6A1DB51C76FFB3008C6005 /* Frameworks */ = {
			isa = PBXFrameworksBuildPhase;
			buildActionMask = 2147483647;
			files = (
			);
			runOnlyForDeploymentPostprocessing = 0;
		};
		8D6A1DCE1C76FFB3008C6005 /* Frameworks */ = {
			isa = PBXFrameworksBuildPhase;
			buildActionMask = 2147483647;
			files = (
			);
			runOnlyForDeploymentPostprocessing = 0;
		};
		8D6A1DD91C76FFB3008C6005 /* Frameworks */ = {
			isa = PBXFrameworksBuildPhase;
			buildActionMask = 2147483647;
			files = (
			);
			runOnlyForDeploymentPostprocessing = 0;
		};
/* End PBXFrameworksBuildPhase section */

/* Begin PBXGroup section */
		8D6A1DAF1C76FFB3008C6005 = {
			isa = PBXGroup;
			children = (
				8D6A1DBA1C76FFB3008C6005 /* UniqueDeviceIdentifier */,
				8D6A1DD41C76FFB3008C6005 /* UniqueDeviceIdentifierTests */,
				8D6A1DDF1C76FFB4008C6005 /* UniqueDeviceIdentifierUITests */,
				8D6A1DB91C76FFB3008C6005 /* Products */,
			);
			sourceTree = "<group>";
		};
		8D6A1DB91C76FFB3008C6005 /* Products */ = {
			isa = PBXGroup;
			children = (
				8D6A1DB81C76FFB3008C6005 /* UniqueDeviceIdentifier.app */,
				8D6A1DD11C76FFB3008C6005 /* UniqueDeviceIdentifierTests.xctest */,
				8D6A1DDC1C76FFB4008C6005 /* UniqueDeviceIdentifierUITests.xctest */,
			);
			name = Products;
			sourceTree = "<group>";
		};
		8D6A1DBA1C76FFB3008C6005 /* UniqueDeviceIdentifier */ = {
			isa = PBXGroup;
			children = (
				8D6A1DBE1C76FFB3008C6005 /* AppDelegate.h */,
				8D6A1DBF1C76FFB3008C6005 /* AppDelegate.m */,
				8D6A1DC11C76FFB3008C6005 /* ViewController.h */,
				8D6A1DC21C76FFB3008C6005 /* ViewController.m */,
				8D6A1DEE1C770002008C6005 /* UniqueDeviceIdentifier.h */,
				8D6A1DEF1C770002008C6005 /* UniqueDeviceIdentifier.m */,
				8D6A1DC41C76FFB3008C6005 /* Main.storyboard */,
				8D6A1DC71C76FFB3008C6005 /* Assets.xcassets */,
				8D6A1DC91C76FFB3008C6005 /* LaunchScreen.storyboard */,
				8D6A1DCC1C76FFB3008C6005 /* Info.plist */,
				8D6A1DBB1C76FFB3008C6005 /* Supporting Files */,
			);
			path = UniqueDeviceIdentifier;
			sourceTree = "<group>";
		};
		8D6A1DBB1C76FFB3008C6005 /* Supporting Files */ = {
			isa = PBXGroup;
			children = (
				8D6A1DBC1C76FFB3008C6005 /* main.m */,
			);
			name = "Supporting Files";
			sourceTree = "<group>";
		};
		8D6A1DD41C76FFB3008C6005 /* UniqueDeviceIdentifierTests */ = {
			isa = PBXGroup;
			children = (
				8D6A1DD51C76FFB3008C6005 /* UniqueDeviceIdentifierTests.m */,
				8D6A1DD71C76FFB3008C6005 /* Info.plist */,
			);
			path = UniqueDeviceIdentifierTests;
			sourceTree = "<group>";
		};
		8D6A1DDF1C76FFB4008C6005 /* UniqueDeviceIdentifierUITests */ = {
			isa = PBXGroup;
			children = (
				8D6A1DE01C76FFB4008C6005 /* UniqueDeviceIdentifierUITests.m */,
				8D6A1DE21C76FFB4008C6005 /* Info.plist */,
			);
			path = UniqueDeviceIdentifierUITests;
			sourceTree = "<group>";
		};
/* End PBXGroup section */

/* Begin PBXNativeTarget section */
		8D6A1DB71C76FFB3008C6005 /* UniqueDeviceIdentifier */ = {
			isa = PBXNativeTarget;
			buildConfigurationList = 8D6A1DE51C76FFB4008C6005 /* Build configuration list for PBXNativeTarget "UniqueDeviceIdentifier" */;
			buildPhases = (
				8D6A1DB41C76FFB3008C6005 /* Sources */,
				8D6A1DB51C76FFB3008C6005 /* Frameworks */,
				8D6A1DB61C76FFB3008C6005 /* Resources */,
			);
			buildRules = (
			);
			dependencies = (
			);
			name = UniqueDeviceIdentifier;
			productName = UniqueDeviceIdentifier;
			productReference = 8D6A1DB81C76FFB3008C6005 /* UniqueDeviceIdentifier.app */;
			productType = "com.apple.product-type.application";
		};
		8D6A1DD01C76FFB3008C6005 /* UniqueDeviceIdentifierTests */ = {
			isa = PBXNativeTarget;
			buildConfigurationList = 8D6A1DE81C76FFB4008C6005 /* Build configuration list for PBXNativeTarget "UniqueDeviceIdentifierTests" */;
			buildPhases = (
				8D6A1DCD1C76FFB3008C6005 /* Sources */,
				8D6A1DCE1C76FFB3008C6005 /* Frameworks */,
				8D6A1DCF1C76FFB3008C6005 /* Resources */,
			);
			buildRules = (
			);
			dependencies = (
				8D6A1DD31C76FFB3008C6005 /* PBXTargetDependency */,
			);
			name = UniqueDeviceIdentifierTests;
			productName = UniqueDeviceIdentifierTests;
			productReference = 8D6A1DD11C76FFB3008C6005 /* UniqueDeviceIdentifierTests.xctest */;
			productType = "com.apple.product-type.bundle.unit-test";
		};
		8D6A1DDB1C76FFB3008C6005 /* UniqueDeviceIdentifierUITests */ = {
			isa = PBXNativeTarget;
			buildConfigurationList = 8D6A1DEB1C76FFB4008C6005 /* Build configuration list for PBXNativeTarget "UniqueDeviceIdentifierUITests" */;
			buildPhases = (
				8D6A1DD81C76FFB3008C6005 /* Sources */,
				8D6A1DD91C76FFB3008C6005 /* Frameworks */,
				8D6A1DDA1C76FFB3008C6005 /* Resources */,
			);
			buildRules = (
			);
			dependencies = (
				8D6A1DDE1C76FFB4008C6005 /* PBXTargetDependency */,
			);
			name = UniqueDeviceIdentifierUITests;
			productName = UniqueDeviceIdentifierUITests;
			productReference = 8D6A1DDC1C76FFB4008C6005 /* UniqueDeviceIdentifierUITests.xctest */;
			productType = "com.apple.product-type.bundle.ui-testing";
		};
/* End PBXNativeTarget section */

/* Begin PBXProject section */
		8D6A1DB01C76FFB3008C6005 /* Project object */ = {
			isa = PBXProject;
			attributes = {
				LastUpgradeCheck = 0720;
				ORGANIZATIONNAME = lidapeng;
				TargetAttributes = {
					8D6A1DB71C76FFB3008C6005 = {
						CreatedOnToolsVersion = 7.2;
					};
					8D6A1DD01C76FFB3008C6005 = {
						CreatedOnToolsVersion = 7.2;
						TestTargetID = 8D6A1DB71C76FFB3008C6005;
					};
					8D6A1DDB1C76FFB3008C6005 = {
						CreatedOnToolsVersion = 7.2;
						TestTargetID = 8D6A1DB71C76FFB3008C6005;
					};
				};
			};
			buildConfigurationList = 8D6A1DB31C76FFB3008C6005 /* Build configuration list for PBXProject "UniqueDeviceIdentifier" */;
			compatibilityVersion = "Xcode 3.2";
			developmentRegion = English;
			hasScannedForEncodings = 0;
			knownRegions = (
				en,
				Base,
			);
			mainGroup = 8D6A1DAF1C76FFB3008C6005;
			productRefGroup = 8D6A1DB91C76FFB3008C6005 /* Products */;
			projectDirPath = "";
			projectRoot = "";
			targets = (
				8D6A1DB71C76FFB3008C6005 /* UniqueDeviceIdentifier */,
				8D6A1DD01C76FFB3008C6005 /* UniqueDeviceIdentifierTests */,
				8D6A1DDB1C76FFB3008C6005 /* UniqueDeviceIdentifierUITests */,
			);
		};
/* End PBXProject section */

/* Begin PBXResourcesBuildPhase section */
		8D6A1DB61C76FFB3008C6005 /* Resources */ = {
			isa = PBXResourcesBuildPhase;
			buildActionMask = 2147483647;
			files = (
				8D6A1DCB1C76FFB3008C6005 /* LaunchScreen.storyboard in Resources */,
				8D6A1DC81C76FFB3008C6005 /* Assets.xcassets in Resources */,
				8D6A1DC61C76FFB3008C6005 /* Main.storyboard in Resources */,
			);
			runOnlyForDeploymentPostprocessing = 0;
		};
		8D6A1DCF1C76FFB3008C6005 /* Resources */ = {
			isa = PBXResourcesBuildPhase;
			buildActionMask = 2147483647;
			files = (
			);
			runOnlyForDeploymentPostprocessing = 0;
		};
		8D6A1DDA1C76FFB3008C6005 /* Resources */ = {
			isa = PBXResourcesBuildPhase;
			buildActionMask = 2147483647;
			files = (
			);
			runOnlyForDeploymentPostprocessing = 0;
		};
/* End PBXResourcesBuildPhase section */

/* Begin PBXSourcesBuildPhase section */
		8D6A1DB41C76FFB3008C6005 /* Sources */ = {
			isa = PBXSourcesBuildPhase;
			buildActionMask = 2147483647;
			files = (
				8D6A1DC31C76FFB3008C6005 /* ViewController.m in Sources */,
				8D6A1DF01C770002008C6005 /* UniqueDeviceIdentifier.m in Sources */,
				8D6A1DC01C76FFB3008C6005 /* AppDelegate.m in Sources */,
				8D6A1DBD1C76FFB3008C6005 /* main.m in Sources */,
			);
			runOnlyForDeploymentPostprocessing = 0;
		};
		8D6A1DCD1C76FFB3008C6005 /* Sources */ = {
			isa = PBXSourcesBuildPhase;
			buildActionMask = 2147483647;
			files = (
				8D6A1DD61C76FFB3008C6005 /* UniqueDeviceIdentifierTests.m in Sources */,
			);
			runOnlyForDeploymentPostprocessing = 0;
		};
		8D6A1DD81C76FFB3008C6005 /* Sources */ = {
			isa = PBXSourcesBuildPhase;
			buildActionMask = 2147483647;
			files = (
				8D6A1DE11C76FFB4008C6005 /* UniqueDeviceIdentifierUITests.m in Sources */,
			);
			runOnlyForDeploymentPostprocessing = 0;
		};
/* End PBXSourcesBuildPhase section */

/* Begin PBXTargetDependency section */
		8D6A1DD31C76FFB3008C6005 /* PBXTargetDependency */ = {
			isa = PBXTargetDependency;
			target = 8D6A1DB71C76FFB3008C6005 /* UniqueDeviceIdentifier */;
			targetProxy = 8D6A1DD21C76FFB3008C6005 /* PBXContainerItemProxy */;
		};
		8D6A1DDE1C76FFB4008C6005 /* PBXTargetDependency */ = {
			isa = PBXTargetDependency;
			target = 8D6A1DB71C76FFB3008C6005 /* UniqueDeviceIdentifier */;
			targetProxy = 8D6A1DDD1C76FFB4008C6005 /* PBXContainerItemProxy */;
		};
/* End PBXTargetDependency section */

/* Begin PBXVariantGroup section */
		8D6A1DC41C76FFB3008C6005 /* Main.storyboard */ = {
			isa = PBXVariantGroup;
			children = (
				8D6A1DC51C76FFB3008C6005 /* Base */,
			);
			name = Main.storyboard;
			sourceTree = "<group>";
		};
		8D6A1DC91C76FFB3008C6005 /* LaunchScreen.storyboard */ = {
			isa = PBXVariantGroup;
			children = (
				8D6A1DCA1C76FFB3008C6005 /* Base */,
			);
			name = LaunchScreen.storyboard;
			sourceTree = "<group>";
		};
/* End PBXVariantGroup section */

/* Begin XCBuildConfiguration section */
		8D6A1DE31C76FFB4008C6005 /* Debug */ = {
			isa = XCBuildConfiguration;
			buildSettings = {
				ALWAYS_SEARCH_USER_PATHS = NO;
				CLANG_CXX_LANGUAGE_STANDARD = "gnu++0x";
				CLANG_CXX_LIBRARY = "libc++";
				CLANG_ENABLE_MODULES = YES;
				CLANG_ENABLE_OBJC_ARC = YES;
				CLANG_WARN_BOOL_CONVERSION = YES;
				CLANG_WARN_CONSTANT_CONVERSION = YES;
				CLANG_WARN_DIRECT_OBJC_ISA_USAGE = YES_ERROR;
				CLANG_WARN_EMPTY_BODY = YES;
				CLANG_WARN_ENUM_CONVERSION = YES;
				CLANG_WARN_INT_CONVERSION = YES;
				CLANG_WARN_OBJC_ROOT_CLASS = YES_ERROR;
				CLANG_WARN_UNREACHABLE_CODE = YES;
				CLANG_WARN__DUPLICATE_METHOD_MATCH = YES;
				"CODE_SIGN_IDENTITY[sdk=iphoneos*]" = "iPhone Developer";
				COPY_PHASE_STRIP = NO;
				DEBUG_INFORMATION_FORMAT = dwarf;
				ENABLE_STRICT_OBJC_MSGSEND = YES;
				ENABLE_TESTABILITY = YES;
				GCC_C_LANGUAGE_STANDARD = gnu99;
				GCC_DYNAMIC_NO_PIC = NO;
				GCC_NO_COMMON_BLOCKS = YES;
				GCC_OPTIMIZATION_LEVEL = 0;
				GCC_PREPROCESSOR_DEFINITIONS = (
					"DEBUG=1",
					"$(inherited)",
				);
				GCC_WARN_64_TO_32_BIT_CONVERSION = YES;
				GCC_WARN_ABOUT_RETURN_TYPE = YES_ERROR;
				GCC_WARN_UNDECLARED_SELECTOR = YES;
				GCC_WARN_UNINITIALIZED_AUTOS = YES_AGGRESSIVE;
				GCC_WARN_UNUSED_FUNCTION = YES;
				GCC_WARN_UNUSED_VARIABLE = YES;
				IPHONEOS_DEPLOYMENT_TARGET = 9.2;
				MTL_ENABLE_DEBUG_INFO = YES;
				ONLY_ACTIVE_ARCH = YES;
				SDKROOT = iphoneos;
				TARGETED_DEVICE_FAMILY = "1,2";
			};
			name = Debug;
		};
		8D6A1DE41C76FFB4008C6005 /* Release */ = {
			isa = XCBuildConfiguration;
			buildSettings = {
				ALWAYS_SEARCH_USER_PATHS = NO;
				CLANG_CXX_LANGUAGE_STANDARD = "gnu++0x";
				CLANG_CXX_LIBRARY = "libc++";
				CLANG_ENABLE_MODULES = YES;
				CLANG_ENABLE_OBJC_ARC = YES;
				CLANG_WARN_BOOL_CONVERSION = YES;
				CLANG_WARN_CONSTANT_CONVERSION = YES;
				CLANG_WARN_DIRECT_OBJC_ISA_USAGE = YES_ERROR;
				CLANG_WARN_EMPTY_BODY = YES;
				CLANG_WARN_ENUM_CONVERSION = YES;
				CLANG_WARN_INT_CONVERSION = YES;
				CLANG_WARN_OBJC_ROOT_CLASS = YES_ERROR;
				CLANG_WARN_UNREACHABLE_CODE = YES;
				CLANG_WARN__DUPLICATE_METHOD_MATCH = YES;
				"CODE_SIGN_IDENTITY[sdk=iphoneos*]" = "iPhone Developer";
				COPY_PHASE_STRIP = NO;
				DEBUG_INFORMATION_FORMAT = "dwarf-with-dsym";
				ENABLE_NS_ASSERTIONS = NO;
				ENABLE_STRICT_OBJC_MSGSEND = YES;
				GCC_C_LANGUAGE_STANDARD = gnu99;
				GCC_NO_COMMON_BLOCKS = YES;
				GCC_WARN_64_TO_32_BIT_CONVERSION = YES;
				GCC_WARN_ABOUT_RETURN_TYPE = YES_ERROR;
				GCC_WARN_UNDECLARED_SELECTOR = YES;
				GCC_WARN_UNINITIALIZED_AUTOS = YES_AGGRESSIVE;
				GCC_WARN_UNUSED_FUNCTION = YES;
				GCC_WARN_UNUSED_VARIABLE = YES;
				IPHONEOS_DEPLOYMENT_TARGET = 9.2;
				MTL_ENABLE_DEBUG_INFO = NO;
				SDKROOT = iphoneos;
				TARGETED_DEVICE_FAMILY = "1,2";
				VALIDATE_PRODUCT = YES;
			};
			name = Release;
		};
		8D6A1DE61C76FFB4008C6005 /* Debug */ = {
			isa = XCBuildConfiguration;
			buildSettings = {
				ASSETCATALOG_COMPILER_APPICON_NAME = AppIcon;
				INFOPLIST_FILE = UniqueDeviceIdentifier/Info.plist;
				LD_RUNPATH_SEARCH_PATHS = "$(inherited) @executable_path/Frameworks";
				OTHER_LDFLAGS = "";
				PRODUCT_BUNDLE_IDENTIFIER = idap.UniqueDeviceIdentifier;
				PRODUCT_NAME = "$(TARGET_NAME)";
			};
			name = Debug;
		};
		8D6A1DE71C76FFB4008C6005 /* Release */ = {
			isa = XCBuildConfiguration;
			buildSettings = {
				ASSETCATALOG_COMPILER_APPICON_NAME = AppIcon;
				INFOPLIST_FILE = UniqueDeviceIdentifier/Info.plist;
				LD_RUNPATH_SEARCH_PATHS = "$(inherited) @executable_path/Frameworks";
				OTHER_LDFLAGS = "";
				PRODUCT_BUNDLE_IDENTIFIER = idap.UniqueDeviceIdentifier;
				PRODUCT_NAME = "$(TARGET_NAME)";
			};
			name = Release;
		};
		8D6A1DE91C76FFB4008C6005 /* Debug */ = {
			isa = XCBuildConfiguration;
			buildSettings = {
				BUNDLE_LOADER = "$(TEST_HOST)";
				INFOPLIST_FILE = UniqueDeviceIdentifierTests/Info.plist;
				LD_RUNPATH_SEARCH_PATHS = "$(inherited) @executable_path/Frameworks @loader_path/Frameworks";
				PRODUCT_BUNDLE_IDENTIFIER = idap.UniqueDeviceIdentifierTests;
				PRODUCT_NAME = "$(TARGET_NAME)";
				TEST_HOST = "$(BUILT_PRODUCTS_DIR)/UniqueDeviceIdentifier.app/UniqueDeviceIdentifier";
			};
			name = Debug;
		};
		8D6A1DEA1C76FFB4008C6005 /* Release */ = {
			isa = XCBuildConfiguration;
			buildSettings = {
				BUNDLE_LOADER = "$(TEST_HOST)";
				INFOPLIST_FILE = UniqueDeviceIdentifierTests/Info.plist;
				LD_RUNPATH_SEARCH_PATHS = "$(inherited) @executable_path/Frameworks @loader_path/Frameworks";
				PRODUCT_BUNDLE_IDENTIFIER = idap.UniqueDeviceIdentifierTests;
				PRODUCT_NAME = "$(TARGET_NAME)";
				TEST_HOST = "$(BUILT_PRODUCTS_DIR)/UniqueDeviceIdentifier.app/UniqueDeviceIdentifier";
			};
			name = Release;
		};
		8D6A1DEC1C76FFB4008C6005 /* Debug */ = {
			isa = XCBuildConfiguration;
			buildSettings = {
				INFOPLIST_FILE = UniqueDeviceIdentifierUITests/Info.plist;
				LD_RUNPATH_SEARCH_PATHS = "$(inherited) @executable_path/Frameworks @loader_path/Frameworks";
				PRODUCT_BUNDLE_IDENTIFIER = idap.UniqueDeviceIdentifierUITests;
				PRODUCT_NAME = "$(TARGET_NAME)";
				TEST_TARGET_NAME = UniqueDeviceIdentifier;
				USES_XCTRUNNER = YES;
			};
			name = Debug;
		};
		8D6A1DED1C76FFB4008C6005 /* Release */ = {
			isa = XCBuildConfiguration;
			buildSettings = {
				INFOPLIST_FILE = UniqueDeviceIdentifierUITests/Info.plist;
				LD_RUNPATH_SEARCH_PATHS = "$(inherited) @executable_path/Frameworks @loader_path/Frameworks";
				PRODUCT_BUNDLE_IDENTIFIER = idap.UniqueDeviceIdentifierUITests;
				PRODUCT_NAME = "$(TARGET_NAME)";
				TEST_TARGET_NAME = UniqueDeviceIdentifier;
				USES_XCTRUNNER = YES;
			};
			name = Release;
		};
/* End XCBuildConfiguration section */

/* Begin XCConfigurationList section */
		8D6A1DB31C76FFB3008C6005 /* Build configuration list for PBXProject "UniqueDeviceIdentifier" */ = {
			isa = XCConfigurationList;
			buildConfigurations = (
				8D6A1DE31C76FFB4008C6005 /* Debug */,
				8D6A1DE41C76FFB4008C6005 /* Release */,
			);
			defaultConfigurationIsVisible = 0;
			defaultConfigurationName = Release;
		};
		8D6A1DE51C76FFB4008C6005 /* Build configuration list for PBXNativeTarget "UniqueDeviceIdentifier" */ = {
			isa = XCConfigurationList;
			buildConfigurations = (
				8D6A1DE61C76FFB4008C6005 /* Debug */,
				8D6A1DE71C76FFB4008C6005 /* Release */,
			);
			defaultConfigurationIsVisible = 0;
		};
		8D6A1DE81C76FFB4008C6005 /* Build configuration list for PBXNativeTarget "UniqueDeviceIdentifierTests" */ = {
			isa = XCConfigurationList;
			buildConfigurations = (
				8D6A1DE91C76FFB4008C6005 /* Debug */,
				8D6A1DEA1C76FFB4008C6005 /* Release */,
			);
			defaultConfigurationIsVisible = 0;
		};
		8D6A1DEB1C76FFB4008C6005 /* Build configuration list for PBXNativeTarget "UniqueDeviceIdentifierUITests" */ = {
			isa = XCConfigurationList;
			buildConfigurations = (
				8D6A1DEC1C76FFB4008C6005 /* Debug */,
				8D6A1DED1C76FFB4008C6005 /* Release */,
			);
			defaultConfigurationIsVisible = 0;
		};
/* End XCConfigurationList section */
	};
	rootObject = 8D6A1DB01C76FFB3008C6005 /* Project object */;
}
